<?xml version="1.0" encoding="utf-8"?>
<Project ToolsVersion="4.0" xmlns="http://schemas.microsoft.com/developer/msbuild/2003">
  <ItemGroup>
    <Filter Include="Source Files">
      <UniqueIdentifier>{4FC737F1-C7A5-4376-A066-2A32D752A2FF}</UniqueIdentifier>
      <Extensions>cpp;c;cc;cxx;def;odl;idl;hpj;bat;asm;asmx</Extensions>
    </Filter>
    <Filter Include="Header Files">
      <UniqueIdentifier>{93995380-89BD-4b04-88EB-625FBE52EBFB}</UniqueIdentifier>
      <Extensions>h;hh;hpp;hxx;hm;inl;inc;xsd</Extensions>
    </Filter>
    <Filter Include="Resource Files">
      <UniqueIdentifier>{67DA6AB6-F800-4c08-8B7A-83BB121AAD01}</UniqueIdentifier>
      <Extensions>rc;ico;cur;bmp;dlg;rc2;rct;bin;rgs;gif;jpg;jpeg;jpe;resx;tiff;tif;png;wav;mfcribbon-ms</Extensions>
    </Filter>
    <Filter Include="Header Files\public">
      <UniqueIdentifier>{b730aa6f-6f6b-4413-aaff-dd6ae43c1feb}</UniqueIdentifier>
    </Filter>
    <Filter Include="searchconfig">
      <UniqueIdentifier>{a66838a3-ca70-40ec-9033-23c84f7d2887}</UniqueIdentifier>
    </Filter>
  </ItemGroup>
  <ItemGroup>
    <ClInclude Include="..\Logging\include\ILogResultProcessor.h">
      <Filter>Header Files\public</Filter>
    </ClInclude>
    <ClInclude Include="..\Logging\include\LogEntry.h">
      <Filter>Header Files\public</Filter>
    </ClInclude>
    <ClInclude Include="..\Logging\include\LogScanner.h">
      <Filter>Header Files\public</Filter>
    </ClInclude>
    <ClInclude Include="..\Logging\ILogFieldFilter.h">
      <Filter>Header Files</Filter>
    </ClInclude>
    <ClInclude Include="..\Logging\JavaLogFieldFilters.h">
      <Filter>Header Files</Filter>
    </ClInclude>
    <ClInclude Include="..\Logging\LogFilter.h">
      <Filter>Header Files</Filter>
    </ClInclude>
    <ClInclude Include="..\Logging\LogReader.h">
      <Filter>Header Files</Filter>
    </ClInclude>
    <ClInclude Include="..\Logging\LogSorter.h">
      <Filter>Header Files</Filter>
    </ClInclude>
    <ClInclude Include="..\Logging\NginxLogFieldFilters.h">
      <Filter>Header Files</Filter>
    </ClInclude>
  </ItemGroup>
  <ItemGroup>
    <ClCompile Include="..\Logging\ILogFieldFilter.cpp">
      <Filter>Source Files</Filter>
    </ClCompile>
    <ClCompile Include="..\Logging\JavaLogFieldFilters.cpp">
      <Filter>Source Files</Filter>
    </ClCompile>
    <ClCompile Include="..\Logging\LogFilter.cpp">
      <Filter>Source Files</Filter>
    </ClCompile>
    <ClCompile Include="..\Logging\LogReader.cpp">
      <Filter>Source Files</Filter>
    </ClCompile>
    <ClCompile Include="..\Logging\LogScanner.cpp">
      <Filter>Source Files</Filter>
    </ClCompile>
    <ClCompile Include="..\Logging\LogSorter.cpp">
      <Filter>Source Files</Filter>
    </ClCompile>
    <ClCompile Include="..\Logging\NginxLogFieldFilters.cpp">
      <Filter>Source Files</Filter>
    </ClCompile>
  </ItemGroup>
  <ItemGroup>
    <None Include="..\Logging\patterns.json">
      <Filter>searchconfig</Filter>
    </None>
    <None Include="..\Logging\filter.json">
      <Filter>searchconfig</Filter>
    </None>
  </ItemGroup>
</Project>