
Microsoft Visual Studio Solution File, Format Version 12.00
# Visual Studio 14
VisualStudioVersion = 14.0.24720.0
MinimumVisualStudioVersion = 10.0.40219.1
Project("{8BC9CEB8-8B4A-11D0-8D11-00A0C91BC942}") = "Logging", "Logging.vcxproj", "{1522C9E4-8D53-453A-9063-9DC7039B3D03}"
	ProjectSection(ProjectDependencies) = postProject
		{5FBB3859-EB30-45AF-B326-F87141E12971} = {5FBB3859-EB30-45AF-B326-F87141E12971}
	EndProjectSection
EndProject
Project("{8BC9CEB8-8B4A-11D0-8D11-00A0C91BC942}") = "NppPluginDemo", "NppPluginDemo.vcxproj", "{1590D7CD-7D3A-4AB7-A355-EE02F7FB987D}"
	ProjectSection(ProjectDependencies) = postProject
		{1522C9E4-8D53-453A-9063-9DC7039B3D03} = {1522C9E4-8D53-453A-9063-9DC7039B3D03}
	EndProjectSection
EndProject
Project("{8BC9CEB8-8B4A-11D0-8D11-00A0C91BC942}") = "jsoncpp", "jsoncpp.vcxproj", "{5FBB3859-EB30-45AF-B326-F87141E12971}"
EndProject
Project("{2150E333-8FDC-42A3-9474-1A3956D46DE8}") = "3party", "3party", "{71BCCF22-EC09-47FA-B33E-DB0878245036}"
EndProject
Project("{2150E333-8FDC-42A3-9474-1A3956D46DE8}") = "LoggingAnalyzer", "LoggingAnalyzer", "{59A9AA45-33B9-41AB-A0B3-E84A8AAFAA19}"
EndProject
Project("{2150E333-8FDC-42A3-9474-1A3956D46DE8}") = "CallgraphAnalyzer", "CallgraphAnalyzer", "{BAE8F224-30E7-48E3-AB1D-15D61A56E34F}"
EndProject
Project("{8BC9CEB8-8B4A-11D0-8D11-00A0C91BC942}") = "CallgraphGen", "CallgraphGen.vcxproj", "{15DBE21A-6F92-407A-88E4-AED36A3246DB}"
EndProject
Project("{FAE04EC0-301F-11D3-BF4B-00C04F79EFBC}") = "CallgraphNavigator", "..\CallgraphNavigator\CallgraphNavigator.csproj", "{DD33E164-605E-4F50-8B2F-D88A0A58BB34}"
EndProject
Project("{FAE04EC0-301F-11D3-BF4B-00C04F79EFBC}") = "Graphviz4Net.WPF.Example", "..\CallgraphNavigator\Graphviz4Net.WPF.Example.csproj", "{F820EB5A-BBFD-46AD-9EEB-3DFE8D1D7BE7}"
EndProject
Global
	GlobalSection(SolutionConfigurationPlatforms) = preSolution
		Debug|Any CPU = Debug|Any CPU
		Debug|Win32 = Debug|Win32
		Debug|x64 = Debug|x64
		Release|Any CPU = Release|Any CPU
		Release|Win32 = Release|Win32
		Release|x64 = Release|x64
	EndGlobalSection
	GlobalSection(ProjectConfigurationPlatforms) = postSolution
		{1522C9E4-8D53-453A-9063-9DC7039B3D03}.Debug|Any CPU.ActiveCfg = Debug|Win32
		{1522C9E4-8D53-453A-9063-9DC7039B3D03}.Debug|Win32.ActiveCfg = Debug|Win32
		{1522C9E4-8D53-453A-9063-9DC7039B3D03}.Debug|Win32.Build.0 = Debug|Win32
		{1522C9E4-8D53-453A-9063-9DC7039B3D03}.Debug|x64.ActiveCfg = Debug|Win32
		{1522C9E4-8D53-453A-9063-9DC7039B3D03}.Release|Any CPU.ActiveCfg = Release|Win32
		{1522C9E4-8D53-453A-9063-9DC7039B3D03}.Release|Win32.ActiveCfg = Release|Win32
		{1522C9E4-8D53-453A-9063-9DC7039B3D03}.Release|Win32.Build.0 = Release|Win32
		{1522C9E4-8D53-453A-9063-9DC7039B3D03}.Release|x64.ActiveCfg = Release|Win32
		{1590D7CD-7D3A-4AB7-A355-EE02F7FB987D}.Debug|Any CPU.ActiveCfg = Debug|Win32
		{1590D7CD-7D3A-4AB7-A355-EE02F7FB987D}.Debug|Win32.ActiveCfg = Debug|Win32
		{1590D7CD-7D3A-4AB7-A355-EE02F7FB987D}.Debug|Win32.Build.0 = Debug|Win32
		{1590D7CD-7D3A-4AB7-A355-EE02F7FB987D}.Debug|x64.ActiveCfg = Debug|Win32
		{1590D7CD-7D3A-4AB7-A355-EE02F7FB987D}.Release|Any CPU.ActiveCfg = Release|Win32
		{1590D7CD-7D3A-4AB7-A355-EE02F7FB987D}.Release|Win32.ActiveCfg = Release|Win32
		{1590D7CD-7D3A-4AB7-A355-EE02F7FB987D}.Release|Win32.Build.0 = Release|Win32
		{1590D7CD-7D3A-4AB7-A355-EE02F7FB987D}.Release|x64.ActiveCfg = Release|Win32
		{5FBB3859-EB30-45AF-B326-F87141E12971}.Debug|Any CPU.ActiveCfg = Debug|Win32
		{5FBB3859-EB30-45AF-B326-F87141E12971}.Debug|Win32.ActiveCfg = Debug|Win32
		{5FBB3859-EB30-45AF-B326-F87141E12971}.Debug|Win32.Build.0 = Debug|Win32
		{5FBB3859-EB30-45AF-B326-F87141E12971}.Debug|x64.ActiveCfg = Debug|Win32
		{5FBB3859-EB30-45AF-B326-F87141E12971}.Release|Any CPU.ActiveCfg = Release|Win32
		{5FBB3859-EB30-45AF-B326-F87141E12971}.Release|Win32.ActiveCfg = Release|Win32
		{5FBB3859-EB30-45AF-B326-F87141E12971}.Release|Win32.Build.0 = Release|Win32
		{5FBB3859-EB30-45AF-B326-F87141E12971}.Release|x64.ActiveCfg = Release|Win32
		{15DBE21A-6F92-407A-88E4-AED36A3246DB}.Debug|Any CPU.ActiveCfg = Debug|Win32
		{15DBE21A-6F92-407A-88E4-AED36A3246DB}.Debug|Win32.ActiveCfg = Debug|Win32
		{15DBE21A-6F92-407A-88E4-AED36A3246DB}.Debug|Win32.Build.0 = Debug|Win32
		{15DBE21A-6F92-407A-88E4-AED36A3246DB}.Debug|x64.ActiveCfg = Debug|x64
		{15DBE21A-6F92-407A-88E4-AED36A3246DB}.Debug|x64.Build.0 = Debug|x64
		{15DBE21A-6F92-407A-88E4-AED36A3246DB}.Release|Any CPU.ActiveCfg = Release|Win32
		{15DBE21A-6F92-407A-88E4-AED36A3246DB}.Release|Win32.ActiveCfg = Release|Win32
		{15DBE21A-6F92-407A-88E4-AED36A3246DB}.Release|Win32.Build.0 = Release|Win32
		{15DBE21A-6F92-407A-88E4-AED36A3246DB}.Release|x64.ActiveCfg = Release|x64
		{15DBE21A-6F92-407A-88E4-AED36A3246DB}.Release|x64.Build.0 = Release|x64
		{DD33E164-605E-4F50-8B2F-D88A0A58BB34}.Debug|Any CPU.ActiveCfg = Debug|Any CPU
		{DD33E164-605E-4F50-8B2F-D88A0A58BB34}.Debug|Any CPU.Build.0 = Debug|Any CPU
		{DD33E164-605E-4F50-8B2F-D88A0A58BB34}.Debug|Win32.ActiveCfg = Debug|Any CPU
		{DD33E164-605E-4F50-8B2F-D88A0A58BB34}.Debug|Win32.Build.0 = Debug|Any CPU
		{DD33E164-605E-4F50-8B2F-D88A0A58BB34}.Debug|x64.ActiveCfg = Debug|Any CPU
		{DD33E164-605E-4F50-8B2F-D88A0A58BB34}.Debug|x64.Build.0 = Debug|Any CPU
		{DD33E164-605E-4F50-8B2F-D88A0A58BB34}.Release|Any CPU.ActiveCfg = Release|Any CPU
		{DD33E164-605E-4F50-8B2F-D88A0A58BB34}.Release|Any CPU.Build.0 = Release|Any CPU
		{DD33E164-605E-4F50-8B2F-D88A0A58BB34}.Release|Win32.ActiveCfg = Release|Any CPU
		{DD33E164-605E-4F50-8B2F-D88A0A58BB34}.Release|Win32.Build.0 = Release|Any CPU
		{DD33E164-605E-4F50-8B2F-D88A0A58BB34}.Release|x64.ActiveCfg = Release|Any CPU
		{DD33E164-605E-4F50-8B2F-D88A0A58BB34}.Release|x64.Build.0 = Release|Any CPU
		{F820EB5A-BBFD-46AD-9EEB-3DFE8D1D7BE7}.Debug|Any CPU.ActiveCfg = Debug|x86
		{F820EB5A-BBFD-46AD-9EEB-3DFE8D1D7BE7}.Debug|Win32.ActiveCfg = Debug|x86
		{F820EB5A-BBFD-46AD-9EEB-3DFE8D1D7BE7}.Debug|Win32.Build.0 = Debug|x86
		{F820EB5A-BBFD-46AD-9EEB-3DFE8D1D7BE7}.Debug|x64.ActiveCfg = Debug|x86
		{F820EB5A-BBFD-46AD-9EEB-3DFE8D1D7BE7}.Release|Any CPU.ActiveCfg = Release|x86
		{F820EB5A-BBFD-46AD-9EEB-3DFE8D1D7BE7}.Release|Win32.ActiveCfg = Release|x86
		{F820EB5A-BBFD-46AD-9EEB-3DFE8D1D7BE7}.Release|Win32.Build.0 = Release|x86
		{F820EB5A-BBFD-46AD-9EEB-3DFE8D1D7BE7}.Release|x64.ActiveCfg = Release|x86
	EndGlobalSection
	GlobalSection(SolutionProperties) = preSolution
		HideSolutionNode = FALSE
	EndGlobalSection
	GlobalSection(NestedProjects) = preSolution
		{1522C9E4-8D53-453A-9063-9DC7039B3D03} = {59A9AA45-33B9-41AB-A0B3-E84A8AAFAA19}
		{1590D7CD-7D3A-4AB7-A355-EE02F7FB987D} = {59A9AA45-33B9-41AB-A0B3-E84A8AAFAA19}
		{5FBB3859-EB30-45AF-B326-F87141E12971} = {71BCCF22-EC09-47FA-B33E-DB0878245036}
		{15DBE21A-6F92-407A-88E4-AED36A3246DB} = {BAE8F224-30E7-48E3-AB1D-15D61A56E34F}
		{DD33E164-605E-4F50-8B2F-D88A0A58BB34} = {BAE8F224-30E7-48E3-AB1D-15D61A56E34F}
		{F820EB5A-BBFD-46AD-9EEB-3DFE8D1D7BE7} = {BAE8F224-30E7-48E3-AB1D-15D61A56E34F}
	EndGlobalSection
EndGlobal
